
Microsoft Visual Studio Solution File, Format Version 12.00
# Visual Studio Version 17
VisualStudioVersion = 17.11.35303.130
MinimumVisualStudioVersion = 10.0.40219.1
Project("{FAE04EC0-301F-11D3-BF4B-00C04F79EFBC}") = "GUI", "PhanMemQuanLyKhachSan\GUI.csproj", "{0CFCDF38-22D7-42E1-B3E3-C94B7C69ED82}"
EndProject
Project("{FAE04EC0-301F-11D3-BF4B-00C04F79EFBC}") = "DAL", "DAL\DAL.csproj", "{D47C54AE-7DEF-4FF9-BBF6-04D46EF2A2EF}"
EndProject
Project("{FAE04EC0-301F-11D3-BF4B-00C04F79EFBC}") = "BLL", "BLL\BLL.csproj", "{868FD19C-76BD-4256-A0DA-45648D743C06}"
EndProject
Project("{FAE04EC0-301F-11D3-BF4B-00C04F79EFBC}") = "DTO", "DTO\DTO.csproj", "{5541909B-3C40-4C24-AD88-2F54DBD008AF}"
EndProject
Global
	GlobalSection(SolutionConfigurationPlatforms) = preSolution
		Debug|Any CPU = Debug|Any CPU
		Release|Any CPU = Release|Any CPU
	EndGlobalSection
	GlobalSection(ProjectConfigurationPlatforms) = postSolution
		{0CFCDF38-22D7-42E1-B3E3-C94B7C69ED82}.Debug|Any CPU.ActiveCfg = Debug|Any CPU
		{0CFCDF38-22D7-42E1-B3E3-C94B7C69ED82}.Debug|Any CPU.Build.0 = Debug|Any CPU
		{0CFCDF38-22D7-42E1-B3E3-C94B7C69ED82}.Release|Any CPU.ActiveCfg = Release|Any CPU
		{0CFCDF38-22D7-42E1-B3E3-C94B7C69ED82}.Release|Any CPU.Build.0 = Release|Any CPU
		{D47C54AE-7DEF-4FF9-BBF6-04D46EF2A2EF}.Debug|Any CPU.ActiveCfg = Debug|Any CPU
		{D47C54AE-7DEF-4FF9-BBF6-04D46EF2A2EF}.Debug|Any CPU.Build.0 = Debug|Any CPU
		{D47C54AE-7DEF-4FF9-BBF6-04D46EF2A2EF}.Release|Any CPU.ActiveCfg = Release|Any CPU
		{D47C54AE-7DEF-4FF9-BBF6-04D46EF2A2EF}.Release|Any CPU.Build.0 = Release|Any CPU
		{868FD19C-76BD-4256-A0DA-45648D743C06}.Debug|Any CPU.ActiveCfg = Debug|Any CPU
		{868FD19C-76BD-4256-A0DA-45648D743C06}.Debug|Any CPU.Build.0 = Debug|Any CPU
		{868FD19C-76BD-4256-A0DA-45648D743C06}.Release|Any CPU.ActiveCfg = Release|Any CPU
		{868FD19C-76BD-4256-A0DA-45648D743C06}.Release|Any CPU.Build.0 = Release|Any CPU
		{5541909B-3C40-4C24-AD88-2F54DBD008AF}.Debug|Any CPU.ActiveCfg = Debug|Any CPU
		{5541909B-3C40-4C24-AD88-2F54DBD008AF}.Debug|Any CPU.Build.0 = Debug|Any CPU
		{5541909B-3C40-4C24-AD88-2F54DBD008AF}.Release|Any CPU.ActiveCfg = Release|Any CPU
		{5541909B-3C40-4C24-AD88-2F54DBD008AF}.Release|Any CPU.Build.0 = Release|Any CPU
	EndGlobalSection
	GlobalSection(SolutionProperties) = preSolution
		HideSolutionNode = FALSE
	EndGlobalSection
	GlobalSection(ExtensibilityGlobals) = postSolution
		SolutionGuid = {E853B7AE-EDAF-439D-834A-112BA9C557DB}
	EndGlobalSection
EndGlobal
