
Microsoft Visual Studio Solution File, Format Version 12.00
# Visual Studio Version 17
VisualStudioVersion = 17.11.35303.130
MinimumVisualStudioVersion = 10.0.40219.1
Project("{FAE04EC0-301F-11D3-BF4B-00C04F79EFBC}") = "GUI", "HotelBooking\GUI.csproj", "{A1FAA244-0488-4F0E-A8BE-38433EA9ADC6}"
EndProject
Project("{FAE04EC0-301F-11D3-BF4B-00C04F79EFBC}") = "DTO", "DTO\DTO.csproj", "{2F818EA4-A590-4B1F-ADDE-8D0D73215CFE}"
EndProject
Project("{FAE04EC0-301F-11D3-BF4B-00C04F79EFBC}") = "DAL", "DAL\DAL.csproj", "{3128C397-AD01-4A3E-A8C5-25909F23FC91}"
EndProject
Project("{FAE04EC0-301F-11D3-BF4B-00C04F79EFBC}") = "BUL", "BUL\BUL.csproj", "{7161FB94-9E5A-42CE-B0A2-9A8D48ED2E0F}"
EndProject
Global
	GlobalSection(SolutionConfigurationPlatforms) = preSolution
		Debug|Any CPU = Debug|Any CPU
		Release|Any CPU = Release|Any CPU
	EndGlobalSection
	GlobalSection(ProjectConfigurationPlatforms) = postSolution
		{A1FAA244-0488-4F0E-A8BE-38433EA9ADC6}.Debug|Any CPU.ActiveCfg = Debug|Any CPU
		{A1FAA244-0488-4F0E-A8BE-38433EA9ADC6}.Debug|Any CPU.Build.0 = Debug|Any CPU
		{A1FAA244-0488-4F0E-A8BE-38433EA9ADC6}.Release|Any CPU.ActiveCfg = Release|Any CPU
		{A1FAA244-0488-4F0E-A8BE-38433EA9ADC6}.Release|Any CPU.Build.0 = Release|Any CPU
		{2F818EA4-A590-4B1F-ADDE-8D0D73215CFE}.Debug|Any CPU.ActiveCfg = Debug|Any CPU
		{2F818EA4-A590-4B1F-ADDE-8D0D73215CFE}.Debug|Any CPU.Build.0 = Debug|Any CPU
		{2F818EA4-A590-4B1F-ADDE-8D0D73215CFE}.Release|Any CPU.ActiveCfg = Release|Any CPU
		{2F818EA4-A590-4B1F-ADDE-8D0D73215CFE}.Release|Any CPU.Build.0 = Release|Any CPU
		{3128C397-AD01-4A3E-A8C5-25909F23FC91}.Debug|Any CPU.ActiveCfg = Debug|Any CPU
		{3128C397-AD01-4A3E-A8C5-25909F23FC91}.Debug|Any CPU.Build.0 = Debug|Any CPU
		{3128C397-AD01-4A3E-A8C5-25909F23FC91}.Release|Any CPU.ActiveCfg = Release|Any CPU
		{3128C397-AD01-4A3E-A8C5-25909F23FC91}.Release|Any CPU.Build.0 = Release|Any CPU
		{7161FB94-9E5A-42CE-B0A2-9A8D48ED2E0F}.Debug|Any CPU.ActiveCfg = Debug|Any CPU
		{7161FB94-9E5A-42CE-B0A2-9A8D48ED2E0F}.Debug|Any CPU.Build.0 = Debug|Any CPU
		{7161FB94-9E5A-42CE-B0A2-9A8D48ED2E0F}.Release|Any CPU.ActiveCfg = Release|Any CPU
		{7161FB94-9E5A-42CE-B0A2-9A8D48ED2E0F}.Release|Any CPU.Build.0 = Release|Any CPU
	EndGlobalSection
	GlobalSection(SolutionProperties) = preSolution
		HideSolutionNode = FALSE
	EndGlobalSection
	GlobalSection(ExtensibilityGlobals) = postSolution
		SolutionGuid = {FACE8FF1-0E2A-4B1C-AE3C-A0B6DC045914}
	EndGlobalSection
EndGlobal
